Microsoft Visual Studio Solution File, Format Version 12.00
# Visual Studio 14
Project("{8BC9CEB8-8B4A-11D0-8D11-00A0C91BC942}") = "ALL_BUILD", "ALL_BUILD.vcxproj", "{CB2E6CDF-D922-4D8D-9A39-CCCE374379B9}"
	ProjectSection(ProjectDependencies) = postProject
		{5F808FD4-23E7-4158-9773-DE3C4201CEAA} = {5F808FD4-23E7-4158-9773-DE3C4201CEAA}
		{A617C265-E1E9-42C9-BC69-5F41A9105BE2} = {A617C265-E1E9-42C9-BC69-5F41A9105BE2}
		{2FFCAABB-E8BA-4ADF-8DE7-FA4336979C33} = {2FFCAABB-E8BA-4ADF-8DE7-FA4336979C33}
		{5BD3E4FE-6B42-4AA8-A2BF-FF93C61F42B2} = {5BD3E4FE-6B42-4AA8-A2BF-FF93C61F42B2}
		{38B5D1BD-FD50-4F3C-947E-044297FDB005} = {38B5D1BD-FD50-4F3C-947E-044297FDB005}
		{91D5D35D-ABEF-42F9-AA74-204976569BC7} = {91D5D35D-ABEF-42F9-AA74-204976569BC7}
		{884D3780-E13B-4945-AEAC-611C7306B9EC} = {884D3780-E13B-4945-AEAC-611C7306B9EC}
		{B509BE57-E80A-430B-8EDD-1EAC80BBEC22} = {B509BE57-E80A-430B-8EDD-1EAC80BBEC22}
		{26D6B4B6-2319-41D5-AF08-C1708D1EAFC4} = {26D6B4B6-2319-41D5-AF08-C1708D1EAFC4}
		{A889B043-9DD8-4C5A-840C-61E1450EBAE8} = {A889B043-9DD8-4C5A-840C-61E1450EBAE8}
		{6CF5A305-6A00-40BE-9352-DE12F8729C0F} = {6CF5A305-6A00-40BE-9352-DE12F8729C0F}
		{CA67E4FB-5B50-4CE1-B23F-51201FFF1B6A} = {CA67E4FB-5B50-4CE1-B23F-51201FFF1B6A}
		{30A6DEB7-C71F-4C81-BFCE-7E1DA2C15860} = {30A6DEB7-C71F-4C81-BFCE-7E1DA2C15860}
		{75F9336A-94F5-41AF-AB86-2C71C2F0ED40} = {75F9336A-94F5-41AF-AB86-2C71C2F0ED40}
		{2C3D8BC5-659B-4123-9F41-2DA3405D13D0} = {2C3D8BC5-659B-4123-9F41-2DA3405D13D0}
		{3BADD503-4273-446E-BA57-1C2F318619FE} = {3BADD503-4273-446E-BA57-1C2F318619FE}
		{C5226CC2-1278-4CF4-8A3C-1F5DC5EB251F} = {C5226CC2-1278-4CF4-8A3C-1F5DC5EB251F}
		{F17E7E6D-281F-4F78-B7AC-A942A7A1CD0D} = {F17E7E6D-281F-4F78-B7AC-A942A7A1CD0D}
		{5F4FFC3C-3EF1-4040-BE36-847A5DC60618} = {5F4FFC3C-3EF1-4040-BE36-847A5DC60618}
		{E8E257D1-1F69-45B3-BCA3-0797695D1698} = {E8E257D1-1F69-45B3-BCA3-0797695D1698}
		{29C5D54B-D966-4299-A809-D521F366E394} = {29C5D54B-D966-4299-A809-D521F366E394}
		{1593EB9E-E09D-4CEB-96D8-ECA5A6F379F4} = {1593EB9E-E09D-4CEB-96D8-ECA5A6F379F4}
		{F470E439-30D6-4256-8CDB-5A0A1974F8BE} = {F470E439-30D6-4256-8CDB-5A0A1974F8BE}
		{60BBE3F1-B78C-4588-9C37-9A13EE02AAE4} = {60BBE3F1-B78C-4588-9C37-9A13EE02AAE4}
		{E24ADA4E-148B-4363-92D0-A460A4B1CAA7} = {E24ADA4E-148B-4363-92D0-A460A4B1CAA7}
		{94F2DAB2-5256-4816-B7FA-D503A0152EF8} = {94F2DAB2-5256-4816-B7FA-D503A0152EF8}
		{D2C7FDA8-C265-4483-BAE2-706E6449E27A} = {D2C7FDA8-C265-4483-BAE2-706E6449E27A}
		{EFE853CD-752D-480F-BE01-828F34EA3CF4} = {EFE853CD-752D-480F-BE01-828F34EA3CF4}
		{A1E4F296-3477-44DB-B89D-B5B6CB45AEA2} = {A1E4F296-3477-44DB-B89D-B5B6CB45AEA2}
	EndProjectSection
EndProject
Project("{8BC9CEB8-8B4A-11D0-8D11-00A0C91BC942}") = "INSTALL", "INSTALL.vcxproj", "{233A3433-0831-4D0A-9D23-C74DC11DF38D}"
	ProjectSection(ProjectDependencies) = postProject
		{CB2E6CDF-D922-4D8D-9A39-CCCE374379B9} = {CB2E6CDF-D922-4D8D-9A39-CCCE374379B9}
	EndProjectSection
EndProject
Project("{8BC9CEB8-8B4A-11D0-8D11-00A0C91BC942}") = "ZERO_CHECK", "ZERO_CHECK.vcxproj", "{5F808FD4-23E7-4158-9773-DE3C4201CEAA}"
	ProjectSection(ProjectDependencies) = postProject
	EndProjectSection
EndProject
Project("{8BC9CEB8-8B4A-11D0-8D11-00A0C91BC942}") = "accuracy", "tests\accuracy.vcxproj", "{A617C265-E1E9-42C9-BC69-5F41A9105BE2}"
	ProjectSection(ProjectDependencies) = postProject
		{5F808FD4-23E7-4158-9773-DE3C4201CEAA} = {5F808FD4-23E7-4158-9773-DE3C4201CEAA}
		{30A6DEB7-C71F-4C81-BFCE-7E1DA2C15860} = {30A6DEB7-C71F-4C81-BFCE-7E1DA2C15860}
	EndProjectSection
EndProject
Project("{8BC9CEB8-8B4A-11D0-8D11-00A0C91BC942}") = "boing", "examples\boing.vcxproj", "{2FFCAABB-E8BA-4ADF-8DE7-FA4336979C33}"
	ProjectSection(ProjectDependencies) = postProject
		{5F808FD4-23E7-4158-9773-DE3C4201CEAA} = {5F808FD4-23E7-4158-9773-DE3C4201CEAA}
		{30A6DEB7-C71F-4C81-BFCE-7E1DA2C15860} = {30A6DEB7-C71F-4C81-BFCE-7E1DA2C15860}
	EndProjectSection
EndProject
Project("{8BC9CEB8-8B4A-11D0-8D11-00A0C91BC942}") = "clipboard", "tests\clipboard.vcxproj", "{5BD3E4FE-6B42-4AA8-A2BF-FF93C61F42B2}"
	ProjectSection(ProjectDependencies) = postProject
		{5F808FD4-23E7-4158-9773-DE3C4201CEAA} = {5F808FD4-23E7-4158-9773-DE3C4201CEAA}
		{30A6DEB7-C71F-4C81-BFCE-7E1DA2C15860} = {30A6DEB7-C71F-4C81-BFCE-7E1DA2C15860}
	EndProjectSection
EndProject
Project("{8BC9CEB8-8B4A-11D0-8D11-00A0C91BC942}") = "cursor", "tests\cursor.vcxproj", "{38B5D1BD-FD50-4F3C-947E-044297FDB005}"
	ProjectSection(ProjectDependencies) = postProject
		{5F808FD4-23E7-4158-9773-DE3C4201CEAA} = {5F808FD4-23E7-4158-9773-DE3C4201CEAA}
		{30A6DEB7-C71F-4C81-BFCE-7E1DA2C15860} = {30A6DEB7-C71F-4C81-BFCE-7E1DA2C15860}
	EndProjectSection
EndProject
Project("{8BC9CEB8-8B4A-11D0-8D11-00A0C91BC942}") = "cursoranim", "tests\cursoranim.vcxproj", "{91D5D35D-ABEF-42F9-AA74-204976569BC7}"
	ProjectSection(ProjectDependencies) = postProject
		{5F808FD4-23E7-4158-9773-DE3C4201CEAA} = {5F808FD4-23E7-4158-9773-DE3C4201CEAA}
		{30A6DEB7-C71F-4C81-BFCE-7E1DA2C15860} = {30A6DEB7-C71F-4C81-BFCE-7E1DA2C15860}
	EndProjectSection
EndProject
Project("{8BC9CEB8-8B4A-11D0-8D11-00A0C91BC942}") = "defaults", "tests\defaults.vcxproj", "{884D3780-E13B-4945-AEAC-611C7306B9EC}"
	ProjectSection(ProjectDependencies) = postProject
		{5F808FD4-23E7-4158-9773-DE3C4201CEAA} = {5F808FD4-23E7-4158-9773-DE3C4201CEAA}
		{30A6DEB7-C71F-4C81-BFCE-7E1DA2C15860} = {30A6DEB7-C71F-4C81-BFCE-7E1DA2C15860}
	EndProjectSection
EndProject
Project("{8BC9CEB8-8B4A-11D0-8D11-00A0C91BC942}") = "empty", "tests\empty.vcxproj", "{B509BE57-E80A-430B-8EDD-1EAC80BBEC22}"
	ProjectSection(ProjectDependencies) = postProject
		{5F808FD4-23E7-4158-9773-DE3C4201CEAA} = {5F808FD4-23E7-4158-9773-DE3C4201CEAA}
		{30A6DEB7-C71F-4C81-BFCE-7E1DA2C15860} = {30A6DEB7-C71F-4C81-BFCE-7E1DA2C15860}
	EndProjectSection
EndProject
Project("{8BC9CEB8-8B4A-11D0-8D11-00A0C91BC942}") = "events", "tests\events.vcxproj", "{26D6B4B6-2319-41D5-AF08-C1708D1EAFC4}"
	ProjectSection(ProjectDependencies) = postProject
		{5F808FD4-23E7-4158-9773-DE3C4201CEAA} = {5F808FD4-23E7-4158-9773-DE3C4201CEAA}
		{30A6DEB7-C71F-4C81-BFCE-7E1DA2C15860} = {30A6DEB7-C71F-4C81-BFCE-7E1DA2C15860}
	EndProjectSection
EndProject
Project("{8BC9CEB8-8B4A-11D0-8D11-00A0C91BC942}") = "fsaa", "tests\fsaa.vcxproj", "{A889B043-9DD8-4C5A-840C-61E1450EBAE8}"
	ProjectSection(ProjectDependencies) = postProject
		{5F808FD4-23E7-4158-9773-DE3C4201CEAA} = {5F808FD4-23E7-4158-9773-DE3C4201CEAA}
		{30A6DEB7-C71F-4C81-BFCE-7E1DA2C15860} = {30A6DEB7-C71F-4C81-BFCE-7E1DA2C15860}
	EndProjectSection
EndProject
Project("{8BC9CEB8-8B4A-11D0-8D11-00A0C91BC942}") = "gamma", "tests\gamma.vcxproj", "{6CF5A305-6A00-40BE-9352-DE12F8729C0F}"
	ProjectSection(ProjectDependencies) = postProject
		{5F808FD4-23E7-4158-9773-DE3C4201CEAA} = {5F808FD4-23E7-4158-9773-DE3C4201CEAA}
		{30A6DEB7-C71F-4C81-BFCE-7E1DA2C15860} = {30A6DEB7-C71F-4C81-BFCE-7E1DA2C15860}
	EndProjectSection
EndProject
Project("{8BC9CEB8-8B4A-11D0-8D11-00A0C91BC942}") = "gears", "examples\gears.vcxproj", "{CA67E4FB-5B50-4CE1-B23F-51201FFF1B6A}"
	ProjectSection(ProjectDependencies) = postProject
		{5F808FD4-23E7-4158-9773-DE3C4201CEAA} = {5F808FD4-23E7-4158-9773-DE3C4201CEAA}
		{30A6DEB7-C71F-4C81-BFCE-7E1DA2C15860} = {30A6DEB7-C71F-4C81-BFCE-7E1DA2C15860}
	EndProjectSection
EndProject
Project("{8BC9CEB8-8B4A-11D0-8D11-00A0C91BC942}") = "glfw", "src\glfw.vcxproj", "{30A6DEB7-C71F-4C81-BFCE-7E1DA2C15860}"
	ProjectSection(ProjectDependencies) = postProject
		{5F808FD4-23E7-4158-9773-DE3C4201CEAA} = {5F808FD4-23E7-4158-9773-DE3C4201CEAA}
	EndProjectSection
EndProject
Project("{8BC9CEB8-8B4A-11D0-8D11-00A0C91BC942}") = "glfwinfo", "tests\glfwinfo.vcxproj", "{75F9336A-94F5-41AF-AB86-2C71C2F0ED40}"
	ProjectSection(ProjectDependencies) = postProject
		{5F808FD4-23E7-4158-9773-DE3C4201CEAA} = {5F808FD4-23E7-4158-9773-DE3C4201CEAA}
		{30A6DEB7-C71F-4C81-BFCE-7E1DA2C15860} = {30A6DEB7-C71F-4C81-BFCE-7E1DA2C15860}
	EndProjectSection
EndProject
Project("{8BC9CEB8-8B4A-11D0-8D11-00A0C91BC942}") = "heightmap", "examples\heightmap.vcxproj", "{2C3D8BC5-659B-4123-9F41-2DA3405D13D0}"
	ProjectSection(ProjectDependencies) = postProject
		{5F808FD4-23E7-4158-9773-DE3C4201CEAA} = {5F808FD4-23E7-4158-9773-DE3C4201CEAA}
		{30A6DEB7-C71F-4C81-BFCE-7E1DA2C15860} = {30A6DEB7-C71F-4C81-BFCE-7E1DA2C15860}
	EndProjectSection
EndProject
Project("{8BC9CEB8-8B4A-11D0-8D11-00A0C91BC942}") = "iconify", "tests\iconify.vcxproj", "{3BADD503-4273-446E-BA57-1C2F318619FE}"
	ProjectSection(ProjectDependencies) = postProject
		{5F808FD4-23E7-4158-9773-DE3C4201CEAA} = {5F808FD4-23E7-4158-9773-DE3C4201CEAA}
		{30A6DEB7-C71F-4C81-BFCE-7E1DA2C15860} = {30A6DEB7-C71F-4C81-BFCE-7E1DA2C15860}
	EndProjectSection
EndProject
Project("{8BC9CEB8-8B4A-11D0-8D11-00A0C91BC942}") = "joysticks", "tests\joysticks.vcxproj", "{C5226CC2-1278-4CF4-8A3C-1F5DC5EB251F}"
	ProjectSection(ProjectDependencies) = postProject
		{5F808FD4-23E7-4158-9773-DE3C4201CEAA} = {5F808FD4-23E7-4158-9773-DE3C4201CEAA}
		{30A6DEB7-C71F-4C81-BFCE-7E1DA2C15860} = {30A6DEB7-C71F-4C81-BFCE-7E1DA2C15860}
	EndProjectSection
EndProject
Project("{8BC9CEB8-8B4A-11D0-8D11-00A0C91BC942}") = "monitors", "tests\monitors.vcxproj", "{F17E7E6D-281F-4F78-B7AC-A942A7A1CD0D}"
	ProjectSection(ProjectDependencies) = postProject
		{5F808FD4-23E7-4158-9773-DE3C4201CEAA} = {5F808FD4-23E7-4158-9773-DE3C4201CEAA}
		{30A6DEB7-C71F-4C81-BFCE-7E1DA2C15860} = {30A6DEB7-C71F-4C81-BFCE-7E1DA2C15860}
	EndProjectSection
EndProject
Project("{8BC9CEB8-8B4A-11D0-8D11-00A0C91BC942}") = "particles", "examples\particles.vcxproj", "{5F4FFC3C-3EF1-4040-BE36-847A5DC60618}"
	ProjectSection(ProjectDependencies) = postProject
		{5F808FD4-23E7-4158-9773-DE3C4201CEAA} = {5F808FD4-23E7-4158-9773-DE3C4201CEAA}
		{30A6DEB7-C71F-4C81-BFCE-7E1DA2C15860} = {30A6DEB7-C71F-4C81-BFCE-7E1DA2C15860}
	EndProjectSection
EndProject
Project("{8BC9CEB8-8B4A-11D0-8D11-00A0C91BC942}") = "peter", "tests\peter.vcxproj", "{E8E257D1-1F69-45B3-BCA3-0797695D1698}"
	ProjectSection(ProjectDependencies) = postProject
		{5F808FD4-23E7-4158-9773-DE3C4201CEAA} = {5F808FD4-23E7-4158-9773-DE3C4201CEAA}
		{30A6DEB7-C71F-4C81-BFCE-7E1DA2C15860} = {30A6DEB7-C71F-4C81-BFCE-7E1DA2C15860}
	EndProjectSection
EndProject
Project("{8BC9CEB8-8B4A-11D0-8D11-00A0C91BC942}") = "reopen", "tests\reopen.vcxproj", "{29C5D54B-D966-4299-A809-D521F366E394}"
	ProjectSection(ProjectDependencies) = postProject
		{5F808FD4-23E7-4158-9773-DE3C4201CEAA} = {5F808FD4-23E7-4158-9773-DE3C4201CEAA}
		{30A6DEB7-C71F-4C81-BFCE-7E1DA2C15860} = {30A6DEB7-C71F-4C81-BFCE-7E1DA2C15860}
	EndProjectSection
EndProject
Project("{8BC9CEB8-8B4A-11D0-8D11-00A0C91BC942}") = "sharing", "tests\sharing.vcxproj", "{1593EB9E-E09D-4CEB-96D8-ECA5A6F379F4}"
	ProjectSection(ProjectDependencies) = postProject
		{5F808FD4-23E7-4158-9773-DE3C4201CEAA} = {5F808FD4-23E7-4158-9773-DE3C4201CEAA}
		{30A6DEB7-C71F-4C81-BFCE-7E1DA2C15860} = {30A6DEB7-C71F-4C81-BFCE-7E1DA2C15860}
	EndProjectSection
EndProject
Project("{8BC9CEB8-8B4A-11D0-8D11-00A0C91BC942}") = "simple", "examples\simple.vcxproj", "{F470E439-30D6-4256-8CDB-5A0A1974F8BE}"
	ProjectSection(ProjectDependencies) = postProject
		{5F808FD4-23E7-4158-9773-DE3C4201CEAA} = {5F808FD4-23E7-4158-9773-DE3C4201CEAA}
		{30A6DEB7-C71F-4C81-BFCE-7E1DA2C15860} = {30A6DEB7-C71F-4C81-BFCE-7E1DA2C15860}
	EndProjectSection
EndProject
Project("{8BC9CEB8-8B4A-11D0-8D11-00A0C91BC942}") = "splitview", "examples\splitview.vcxproj", "{60BBE3F1-B78C-4588-9C37-9A13EE02AAE4}"
	ProjectSection(ProjectDependencies) = postProject
		{5F808FD4-23E7-4158-9773-DE3C4201CEAA} = {5F808FD4-23E7-4158-9773-DE3C4201CEAA}
		{30A6DEB7-C71F-4C81-BFCE-7E1DA2C15860} = {30A6DEB7-C71F-4C81-BFCE-7E1DA2C15860}
	EndProjectSection
EndProject
Project("{8BC9CEB8-8B4A-11D0-8D11-00A0C91BC942}") = "tearing", "tests\tearing.vcxproj", "{E24ADA4E-148B-4363-92D0-A460A4B1CAA7}"
	ProjectSection(ProjectDependencies) = postProject
		{5F808FD4-23E7-4158-9773-DE3C4201CEAA} = {5F808FD4-23E7-4158-9773-DE3C4201CEAA}
		{30A6DEB7-C71F-4C81-BFCE-7E1DA2C15860} = {30A6DEB7-C71F-4C81-BFCE-7E1DA2C15860}
	EndProjectSection
EndProject
Project("{8BC9CEB8-8B4A-11D0-8D11-00A0C91BC942}") = "threads", "tests\threads.vcxproj", "{94F2DAB2-5256-4816-B7FA-D503A0152EF8}"
	ProjectSection(ProjectDependencies) = postProject
		{5F808FD4-23E7-4158-9773-DE3C4201CEAA} = {5F808FD4-23E7-4158-9773-DE3C4201CEAA}
		{30A6DEB7-C71F-4C81-BFCE-7E1DA2C15860} = {30A6DEB7-C71F-4C81-BFCE-7E1DA2C15860}
	EndProjectSection
EndProject
Project("{8BC9CEB8-8B4A-11D0-8D11-00A0C91BC942}") = "title", "tests\title.vcxproj", "{D2C7FDA8-C265-4483-BAE2-706E6449E27A}"
	ProjectSection(ProjectDependencies) = postProject
		{5F808FD4-23E7-4158-9773-DE3C4201CEAA} = {5F808FD4-23E7-4158-9773-DE3C4201CEAA}
		{30A6DEB7-C71F-4C81-BFCE-7E1DA2C15860} = {30A6DEB7-C71F-4C81-BFCE-7E1DA2C15860}
	EndProjectSection
EndProject
Project("{8BC9CEB8-8B4A-11D0-8D11-00A0C91BC942}") = "uninstall", "uninstall.vcxproj", "{AE65EB75-5463-461F-BD3E-919364DE503D}"
	ProjectSection(ProjectDependencies) = postProject
		{5F808FD4-23E7-4158-9773-DE3C4201CEAA} = {5F808FD4-23E7-4158-9773-DE3C4201CEAA}
	EndProjectSection
EndProject
Project("{8BC9CEB8-8B4A-11D0-8D11-00A0C91BC942}") = "wave", "examples\wave.vcxproj", "{EFE853CD-752D-480F-BE01-828F34EA3CF4}"
	ProjectSection(ProjectDependencies) = postProject
		{5F808FD4-23E7-4158-9773-DE3C4201CEAA} = {5F808FD4-23E7-4158-9773-DE3C4201CEAA}
		{30A6DEB7-C71F-4C81-BFCE-7E1DA2C15860} = {30A6DEB7-C71F-4C81-BFCE-7E1DA2C15860}
	EndProjectSection
EndProject
Project("{8BC9CEB8-8B4A-11D0-8D11-00A0C91BC942}") = "windows", "tests\windows.vcxproj", "{A1E4F296-3477-44DB-B89D-B5B6CB45AEA2}"
	ProjectSection(ProjectDependencies) = postProject
		{5F808FD4-23E7-4158-9773-DE3C4201CEAA} = {5F808FD4-23E7-4158-9773-DE3C4201CEAA}
		{30A6DEB7-C71F-4C81-BFCE-7E1DA2C15860} = {30A6DEB7-C71F-4C81-BFCE-7E1DA2C15860}
	EndProjectSection
EndProject
Project("{2150E333-8FDC-42A3-9474-1A3956D46DE8}") = "CMakePredefinedTargets", "CMakePredefinedTargets", "{DC5CD812-0239-4723-942C-55467E8B8C59}"
EndProject
Project("{2150E333-8FDC-42A3-9474-1A3956D46DE8}") = "GLFW3", "GLFW3", "{18996A2D-8494-4A72-B0B0-673AE999E9BD}"
EndProject
Project("{2150E333-8FDC-42A3-9474-1A3956D46DE8}") = "Examples", "GLFW3\Examples", "{BB2A5A59-F5BD-4331-8FED-20A6CDC2025C}"
EndProject
Project("{2150E333-8FDC-42A3-9474-1A3956D46DE8}") = "Tests", "GLFW3\Tests", "{995C5AAD-CD91-4679-B491-E5A122188643}"
EndProject
Global
	GlobalSection(SolutionConfigurationPlatforms) = preSolution
		Debug|Win32 = Debug|Win32
		Release|Win32 = Release|Win32
		MinSizeRel|Win32 = MinSizeRel|Win32
		RelWithDebInfo|Win32 = RelWithDebInfo|Win32
	EndGlobalSection
	GlobalSection(ProjectConfigurationPlatforms) = postSolution
		{CB2E6CDF-D922-4D8D-9A39-CCCE374379B9}.Debug|Win32.ActiveCfg = Debug|Win32
		{CB2E6CDF-D922-4D8D-9A39-CCCE374379B9}.Debug|Win32.Build.0 = Debug|Win32
		{CB2E6CDF-D922-4D8D-9A39-CCCE374379B9}.Release|Win32.ActiveCfg = Release|Win32
		{CB2E6CDF-D922-4D8D-9A39-CCCE374379B9}.Release|Win32.Build.0 = Release|Win32
		{CB2E6CDF-D922-4D8D-9A39-CCCE374379B9}.MinSizeRel|Win32.ActiveCfg = MinSizeRel|Win32
		{CB2E6CDF-D922-4D8D-9A39-CCCE374379B9}.MinSizeRel|Win32.Build.0 = MinSizeRel|Win32
		{CB2E6CDF-D922-4D8D-9A39-CCCE374379B9}.RelWithDebInfo|Win32.ActiveCfg = RelWithDebInfo|Win32
		{CB2E6CDF-D922-4D8D-9A39-CCCE374379B9}.RelWithDebInfo|Win32.Build.0 = RelWithDebInfo|Win32
		{233A3433-0831-4D0A-9D23-C74DC11DF38D}.Debug|Win32.ActiveCfg = Debug|Win32
		{233A3433-0831-4D0A-9D23-C74DC11DF38D}.Release|Win32.ActiveCfg = Release|Win32
		{233A3433-0831-4D0A-9D23-C74DC11DF38D}.MinSizeRel|Win32.ActiveCfg = MinSizeRel|Win32
		{233A3433-0831-4D0A-9D23-C74DC11DF38D}.RelWithDebInfo|Win32.ActiveCfg = RelWithDebInfo|Win32
		{5F808FD4-23E7-4158-9773-DE3C4201CEAA}.Debug|Win32.ActiveCfg = Debug|Win32
		{5F808FD4-23E7-4158-9773-DE3C4201CEAA}.Debug|Win32.Build.0 = Debug|Win32
		{5F808FD4-23E7-4158-9773-DE3C4201CEAA}.Release|Win32.ActiveCfg = Release|Win32
		{5F808FD4-23E7-4158-9773-DE3C4201CEAA}.Release|Win32.Build.0 = Release|Win32
		{5F808FD4-23E7-4158-9773-DE3C4201CEAA}.MinSizeRel|Win32.ActiveCfg = MinSizeRel|Win32
		{5F808FD4-23E7-4158-9773-DE3C4201CEAA}.MinSizeRel|Win32.Build.0 = MinSizeRel|Win32
		{5F808FD4-23E7-4158-9773-DE3C4201CEAA}.RelWithDebInfo|Win32.ActiveCfg = RelWithDebInfo|Win32
		{5F808FD4-23E7-4158-9773-DE3C4201CEAA}.RelWithDebInfo|Win32.Build.0 = RelWithDebInfo|Win32
		{A617C265-E1E9-42C9-BC69-5F41A9105BE2}.Debug|Win32.ActiveCfg = Debug|Win32
		{A617C265-E1E9-42C9-BC69-5F41A9105BE2}.Debug|Win32.Build.0 = Debug|Win32
		{A617C265-E1E9-42C9-BC69-5F41A9105BE2}.Release|Win32.ActiveCfg = Release|Win32
		{A617C265-E1E9-42C9-BC69-5F41A9105BE2}.Release|Win32.Build.0 = Release|Win32
		{A617C265-E1E9-42C9-BC69-5F41A9105BE2}.MinSizeRel|Win32.ActiveCfg = MinSizeRel|Win32
		{A617C265-E1E9-42C9-BC69-5F41A9105BE2}.MinSizeRel|Win32.Build.0 = MinSizeRel|Win32
		{A617C265-E1E9-42C9-BC69-5F41A9105BE2}.RelWithDebInfo|Win32.ActiveCfg = RelWithDebInfo|Win32
		{A617C265-E1E9-42C9-BC69-5F41A9105BE2}.RelWithDebInfo|Win32.Build.0 = RelWithDebInfo|Win32
		{2FFCAABB-E8BA-4ADF-8DE7-FA4336979C33}.Debug|Win32.ActiveCfg = Debug|Win32
		{2FFCAABB-E8BA-4ADF-8DE7-FA4336979C33}.Debug|Win32.Build.0 = Debug|Win32
		{2FFCAABB-E8BA-4ADF-8DE7-FA4336979C33}.Release|Win32.ActiveCfg = Release|Win32
		{2FFCAABB-E8BA-4ADF-8DE7-FA4336979C33}.Release|Win32.Build.0 = Release|Win32
		{2FFCAABB-E8BA-4ADF-8DE7-FA4336979C33}.MinSizeRel|Win32.ActiveCfg = MinSizeRel|Win32
		{2FFCAABB-E8BA-4ADF-8DE7-FA4336979C33}.MinSizeRel|Win32.Build.0 = MinSizeRel|Win32
		{2FFCAABB-E8BA-4ADF-8DE7-FA4336979C33}.RelWithDebInfo|Win32.ActiveCfg = RelWithDebInfo|Win32
		{2FFCAABB-E8BA-4ADF-8DE7-FA4336979C33}.RelWithDebInfo|Win32.Build.0 = RelWithDebInfo|Win32
		{5BD3E4FE-6B42-4AA8-A2BF-FF93C61F42B2}.Debug|Win32.ActiveCfg = Debug|Win32
		{5BD3E4FE-6B42-4AA8-A2BF-FF93C61F42B2}.Debug|Win32.Build.0 = Debug|Win32
		{5BD3E4FE-6B42-4AA8-A2BF-FF93C61F42B2}.Release|Win32.ActiveCfg = Release|Win32
		{5BD3E4FE-6B42-4AA8-A2BF-FF93C61F42B2}.Release|Win32.Build.0 = Release|Win32
		{5BD3E4FE-6B42-4AA8-A2BF-FF93C61F42B2}.MinSizeRel|Win32.ActiveCfg = MinSizeRel|Win32
		{5BD3E4FE-6B42-4AA8-A2BF-FF93C61F42B2}.MinSizeRel|Win32.Build.0 = MinSizeRel|Win32
		{5BD3E4FE-6B42-4AA8-A2BF-FF93C61F42B2}.RelWithDebInfo|Win32.ActiveCfg = RelWithDebInfo|Win32
		{5BD3E4FE-6B42-4AA8-A2BF-FF93C61F42B2}.RelWithDebInfo|Win32.Build.0 = RelWithDebInfo|Win32
		{38B5D1BD-FD50-4F3C-947E-044297FDB005}.Debug|Win32.ActiveCfg = Debug|Win32
		{38B5D1BD-FD50-4F3C-947E-044297FDB005}.Debug|Win32.Build.0 = Debug|Win32
		{38B5D1BD-FD50-4F3C-947E-044297FDB005}.Release|Win32.ActiveCfg = Release|Win32
		{38B5D1BD-FD50-4F3C-947E-044297FDB005}.Release|Win32.Build.0 = Release|Win32
		{38B5D1BD-FD50-4F3C-947E-044297FDB005}.MinSizeRel|Win32.ActiveCfg = MinSizeRel|Win32
		{38B5D1BD-FD50-4F3C-947E-044297FDB005}.MinSizeRel|Win32.Build.0 = MinSizeRel|Win32
		{38B5D1BD-FD50-4F3C-947E-044297FDB005}.RelWithDebInfo|Win32.ActiveCfg = RelWithDebInfo|Win32
		{38B5D1BD-FD50-4F3C-947E-044297FDB005}.RelWithDebInfo|Win32.Build.0 = RelWithDebInfo|Win32
		{91D5D35D-ABEF-42F9-AA74-204976569BC7}.Debug|Win32.ActiveCfg = Debug|Win32
		{91D5D35D-ABEF-42F9-AA74-204976569BC7}.Debug|Win32.Build.0 = Debug|Win32
		{91D5D35D-ABEF-42F9-AA74-204976569BC7}.Release|Win32.ActiveCfg = Release|Win32
		{91D5D35D-ABEF-42F9-AA74-204976569BC7}.Release|Win32.Build.0 = Release|Win32
		{91D5D35D-ABEF-42F9-AA74-204976569BC7}.MinSizeRel|Win32.ActiveCfg = MinSizeRel|Win32
		{91D5D35D-ABEF-42F9-AA74-204976569BC7}.MinSizeRel|Win32.Build.0 = MinSizeRel|Win32
		{91D5D35D-ABEF-42F9-AA74-204976569BC7}.RelWithDebInfo|Win32.ActiveCfg = RelWithDebInfo|Win32
		{91D5D35D-ABEF-42F9-AA74-204976569BC7}.RelWithDebInfo|Win32.Build.0 = RelWithDebInfo|Win32
		{884D3780-E13B-4945-AEAC-611C7306B9EC}.Debug|Win32.ActiveCfg = Debug|Win32
		{884D3780-E13B-4945-AEAC-611C7306B9EC}.Debug|Win32.Build.0 = Debug|Win32
		{884D3780-E13B-4945-AEAC-611C7306B9EC}.Release|Win32.ActiveCfg = Release|Win32
		{884D3780-E13B-4945-AEAC-611C7306B9EC}.Release|Win32.Build.0 = Release|Win32
		{884D3780-E13B-4945-AEAC-611C7306B9EC}.MinSizeRel|Win32.ActiveCfg = MinSizeRel|Win32
		{884D3780-E13B-4945-AEAC-611C7306B9EC}.MinSizeRel|Win32.Build.0 = MinSizeRel|Win32
		{884D3780-E13B-4945-AEAC-611C7306B9EC}.RelWithDebInfo|Win32.ActiveCfg = RelWithDebInfo|Win32
		{884D3780-E13B-4945-AEAC-611C7306B9EC}.RelWithDebInfo|Win32.Build.0 = RelWithDebInfo|Win32
		{B509BE57-E80A-430B-8EDD-1EAC80BBEC22}.Debug|Win32.ActiveCfg = Debug|Win32
		{B509BE57-E80A-430B-8EDD-1EAC80BBEC22}.Debug|Win32.Build.0 = Debug|Win32
		{B509BE57-E80A-430B-8EDD-1EAC80BBEC22}.Release|Win32.ActiveCfg = Release|Win32
		{B509BE57-E80A-430B-8EDD-1EAC80BBEC22}.Release|Win32.Build.0 = Release|Win32
		{B509BE57-E80A-430B-8EDD-1EAC80BBEC22}.MinSizeRel|Win32.ActiveCfg = MinSizeRel|Win32
		{B509BE57-E80A-430B-8EDD-1EAC80BBEC22}.MinSizeRel|Win32.Build.0 = MinSizeRel|Win32
		{B509BE57-E80A-430B-8EDD-1EAC80BBEC22}.RelWithDebInfo|Win32.ActiveCfg = RelWithDebInfo|Win32
		{B509BE57-E80A-430B-8EDD-1EAC80BBEC22}.RelWithDebInfo|Win32.Build.0 = RelWithDebInfo|Win32
		{26D6B4B6-2319-41D5-AF08-C1708D1EAFC4}.Debug|Win32.ActiveCfg = Debug|Win32
		{26D6B4B6-2319-41D5-AF08-C1708D1EAFC4}.Debug|Win32.Build.0 = Debug|Win32
		{26D6B4B6-2319-41D5-AF08-C1708D1EAFC4}.Release|Win32.ActiveCfg = Release|Win32
		{26D6B4B6-2319-41D5-AF08-C1708D1EAFC4}.Release|Win32.Build.0 = Release|Win32
		{26D6B4B6-2319-41D5-AF08-C1708D1EAFC4}.MinSizeRel|Win32.ActiveCfg = MinSizeRel|Win32
		{26D6B4B6-2319-41D5-AF08-C1708D1EAFC4}.MinSizeRel|Win32.Build.0 = MinSizeRel|Win32
		{26D6B4B6-2319-41D5-AF08-C1708D1EAFC4}.RelWithDebInfo|Win32.ActiveCfg = RelWithDebInfo|Win32
		{26D6B4B6-2319-41D5-AF08-C1708D1EAFC4}.RelWithDebInfo|Win32.Build.0 = RelWithDebInfo|Win32
		{A889B043-9DD8-4C5A-840C-61E1450EBAE8}.Debug|Win32.ActiveCfg = Debug|Win32
		{A889B043-9DD8-4C5A-840C-61E1450EBAE8}.Debug|Win32.Build.0 = Debug|Win32
		{A889B043-9DD8-4C5A-840C-61E1450EBAE8}.Release|Win32.ActiveCfg = Release|Win32
		{A889B043-9DD8-4C5A-840C-61E1450EBAE8}.Release|Win32.Build.0 = Release|Win32
		{A889B043-9DD8-4C5A-840C-61E1450EBAE8}.MinSizeRel|Win32.ActiveCfg = MinSizeRel|Win32
		{A889B043-9DD8-4C5A-840C-61E1450EBAE8}.MinSizeRel|Win32.Build.0 = MinSizeRel|Win32
		{A889B043-9DD8-4C5A-840C-61E1450EBAE8}.RelWithDebInfo|Win32.ActiveCfg = RelWithDebInfo|Win32
		{A889B043-9DD8-4C5A-840C-61E1450EBAE8}.RelWithDebInfo|Win32.Build.0 = RelWithDebInfo|Win32
		{6CF5A305-6A00-40BE-9352-DE12F8729C0F}.Debug|Win32.ActiveCfg = Debug|Win32
		{6CF5A305-6A00-40BE-9352-DE12F8729C0F}.Debug|Win32.Build.0 = Debug|Win32
		{6CF5A305-6A00-40BE-9352-DE12F8729C0F}.Release|Win32.ActiveCfg = Release|Win32
		{6CF5A305-6A00-40BE-9352-DE12F8729C0F}.Release|Win32.Build.0 = Release|Win32
		{6CF5A305-6A00-40BE-9352-DE12F8729C0F}.MinSizeRel|Win32.ActiveCfg = MinSizeRel|Win32
		{6CF5A305-6A00-40BE-9352-DE12F8729C0F}.MinSizeRel|Win32.Build.0 = MinSizeRel|Win32
		{6CF5A305-6A00-40BE-9352-DE12F8729C0F}.RelWithDebInfo|Win32.ActiveCfg = RelWithDebInfo|Win32
		{6CF5A305-6A00-40BE-9352-DE12F8729C0F}.RelWithDebInfo|Win32.Build.0 = RelWithDebInfo|Win32
		{CA67E4FB-5B50-4CE1-B23F-51201FFF1B6A}.Debug|Win32.ActiveCfg = Debug|Win32
		{CA67E4FB-5B50-4CE1-B23F-51201FFF1B6A}.Debug|Win32.Build.0 = Debug|Win32
		{CA67E4FB-5B50-4CE1-B23F-51201FFF1B6A}.Release|Win32.ActiveCfg = Release|Win32
		{CA67E4FB-5B50-4CE1-B23F-51201FFF1B6A}.Release|Win32.Build.0 = Release|Win32
		{CA67E4FB-5B50-4CE1-B23F-51201FFF1B6A}.MinSizeRel|Win32.ActiveCfg = MinSizeRel|Win32
		{CA67E4FB-5B50-4CE1-B23F-51201FFF1B6A}.MinSizeRel|Win32.Build.0 = MinSizeRel|Win32
		{CA67E4FB-5B50-4CE1-B23F-51201FFF1B6A}.RelWithDebInfo|Win32.ActiveCfg = RelWithDebInfo|Win32
		{CA67E4FB-5B50-4CE1-B23F-51201FFF1B6A}.RelWithDebInfo|Win32.Build.0 = RelWithDebInfo|Win32
		{30A6DEB7-C71F-4C81-BFCE-7E1DA2C15860}.Debug|Win32.ActiveCfg = Debug|Win32
		{30A6DEB7-C71F-4C81-BFCE-7E1DA2C15860}.Debug|Win32.Build.0 = Debug|Win32
		{30A6DEB7-C71F-4C81-BFCE-7E1DA2C15860}.Release|Win32.ActiveCfg = Release|Win32
		{30A6DEB7-C71F-4C81-BFCE-7E1DA2C15860}.Release|Win32.Build.0 = Release|Win32
		{30A6DEB7-C71F-4C81-BFCE-7E1DA2C15860}.MinSizeRel|Win32.ActiveCfg = MinSizeRel|Win32
		{30A6DEB7-C71F-4C81-BFCE-7E1DA2C15860}.MinSizeRel|Win32.Build.0 = MinSizeRel|Win32
		{30A6DEB7-C71F-4C81-BFCE-7E1DA2C15860}.RelWithDebInfo|Win32.ActiveCfg = RelWithDebInfo|Win32
		{30A6DEB7-C71F-4C81-BFCE-7E1DA2C15860}.RelWithDebInfo|Win32.Build.0 = RelWithDebInfo|Win32
		{75F9336A-94F5-41AF-AB86-2C71C2F0ED40}.Debug|Win32.ActiveCfg = Debug|Win32
		{75F9336A-94F5-41AF-AB86-2C71C2F0ED40}.Debug|Win32.Build.0 = Debug|Win32
		{75F9336A-94F5-41AF-AB86-2C71C2F0ED40}.Release|Win32.ActiveCfg = Release|Win32
		{75F9336A-94F5-41AF-AB86-2C71C2F0ED40}.Release|Win32.Build.0 = Release|Win32
		{75F9336A-94F5-41AF-AB86-2C71C2F0ED40}.MinSizeRel|Win32.ActiveCfg = MinSizeRel|Win32
		{75F9336A-94F5-41AF-AB86-2C71C2F0ED40}.MinSizeRel|Win32.Build.0 = MinSizeRel|Win32
		{75F9336A-94F5-41AF-AB86-2C71C2F0ED40}.RelWithDebInfo|Win32.ActiveCfg = RelWithDebInfo|Win32
		{75F9336A-94F5-41AF-AB86-2C71C2F0ED40}.RelWithDebInfo|Win32.Build.0 = RelWithDebInfo|Win32
		{2C3D8BC5-659B-4123-9F41-2DA3405D13D0}.Debug|Win32.ActiveCfg = Debug|Win32
		{2C3D8BC5-659B-4123-9F41-2DA3405D13D0}.Debug|Win32.Build.0 = Debug|Win32
		{2C3D8BC5-659B-4123-9F41-2DA3405D13D0}.Release|Win32.ActiveCfg = Release|Win32
		{2C3D8BC5-659B-4123-9F41-2DA3405D13D0}.Release|Win32.Build.0 = Release|Win32
		{2C3D8BC5-659B-4123-9F41-2DA3405D13D0}.MinSizeRel|Win32.ActiveCfg = MinSizeRel|Win32
		{2C3D8BC5-659B-4123-9F41-2DA3405D13D0}.MinSizeRel|Win32.Build.0 = MinSizeRel|Win32
		{2C3D8BC5-659B-4123-9F41-2DA3405D13D0}.RelWithDebInfo|Win32.ActiveCfg = RelWithDebInfo|Win32
		{2C3D8BC5-659B-4123-9F41-2DA3405D13D0}.RelWithDebInfo|Win32.Build.0 = RelWithDebInfo|Win32
		{3BADD503-4273-446E-BA57-1C2F318619FE}.Debug|Win32.ActiveCfg = Debug|Win32
		{3BADD503-4273-446E-BA57-1C2F318619FE}.Debug|Win32.Build.0 = Debug|Win32
		{3BADD503-4273-446E-BA57-1C2F318619FE}.Release|Win32.ActiveCfg = Release|Win32
		{3BADD503-4273-446E-BA57-1C2F318619FE}.Release|Win32.Build.0 = Release|Win32
		{3BADD503-4273-446E-BA57-1C2F318619FE}.MinSizeRel|Win32.ActiveCfg = MinSizeRel|Win32
		{3BADD503-4273-446E-BA57-1C2F318619FE}.MinSizeRel|Win32.Build.0 = MinSizeRel|Win32
		{3BADD503-4273-446E-BA57-1C2F318619FE}.RelWithDebInfo|Win32.ActiveCfg = RelWithDebInfo|Win32
		{3BADD503-4273-446E-BA57-1C2F318619FE}.RelWithDebInfo|Win32.Build.0 = RelWithDebInfo|Win32
		{C5226CC2-1278-4CF4-8A3C-1F5DC5EB251F}.Debug|Win32.ActiveCfg = Debug|Win32
		{C5226CC2-1278-4CF4-8A3C-1F5DC5EB251F}.Debug|Win32.Build.0 = Debug|Win32
		{C5226CC2-1278-4CF4-8A3C-1F5DC5EB251F}.Release|Win32.ActiveCfg = Release|Win32
		{C5226CC2-1278-4CF4-8A3C-1F5DC5EB251F}.Release|Win32.Build.0 = Release|Win32
		{C5226CC2-1278-4CF4-8A3C-1F5DC5EB251F}.MinSizeRel|Win32.ActiveCfg = MinSizeRel|Win32
		{C5226CC2-1278-4CF4-8A3C-1F5DC5EB251F}.MinSizeRel|Win32.Build.0 = MinSizeRel|Win32
		{C5226CC2-1278-4CF4-8A3C-1F5DC5EB251F}.RelWithDebInfo|Win32.ActiveCfg = RelWithDebInfo|Win32
		{C5226CC2-1278-4CF4-8A3C-1F5DC5EB251F}.RelWithDebInfo|Win32.Build.0 = RelWithDebInfo|Win32
		{F17E7E6D-281F-4F78-B7AC-A942A7A1CD0D}.Debug|Win32.ActiveCfg = Debug|Win32
		{F17E7E6D-281F-4F78-B7AC-A942A7A1CD0D}.Debug|Win32.Build.0 = Debug|Win32
		{F17E7E6D-281F-4F78-B7AC-A942A7A1CD0D}.Release|Win32.ActiveCfg = Release|Win32
		{F17E7E6D-281F-4F78-B7AC-A942A7A1CD0D}.Release|Win32.Build.0 = Release|Win32
		{F17E7E6D-281F-4F78-B7AC-A942A7A1CD0D}.MinSizeRel|Win32.ActiveCfg = MinSizeRel|Win32
		{F17E7E6D-281F-4F78-B7AC-A942A7A1CD0D}.MinSizeRel|Win32.Build.0 = MinSizeRel|Win32
		{F17E7E6D-281F-4F78-B7AC-A942A7A1CD0D}.RelWithDebInfo|Win32.ActiveCfg = RelWithDebInfo|Win32
		{F17E7E6D-281F-4F78-B7AC-A942A7A1CD0D}.RelWithDebInfo|Win32.Build.0 = RelWithDebInfo|Win32
		{5F4FFC3C-3EF1-4040-BE36-847A5DC60618}.Debug|Win32.ActiveCfg = Debug|Win32
		{5F4FFC3C-3EF1-4040-BE36-847A5DC60618}.Debug|Win32.Build.0 = Debug|Win32
		{5F4FFC3C-3EF1-4040-BE36-847A5DC60618}.Release|Win32.ActiveCfg = Release|Win32
		{5F4FFC3C-3EF1-4040-BE36-847A5DC60618}.Release|Win32.Build.0 = Release|Win32
		{5F4FFC3C-3EF1-4040-BE36-847A5DC60618}.MinSizeRel|Win32.ActiveCfg = MinSizeRel|Win32
		{5F4FFC3C-3EF1-4040-BE36-847A5DC60618}.MinSizeRel|Win32.Build.0 = MinSizeRel|Win32
		{5F4FFC3C-3EF1-4040-BE36-847A5DC60618}.RelWithDebInfo|Win32.ActiveCfg = RelWithDebInfo|Win32
		{5F4FFC3C-3EF1-4040-BE36-847A5DC60618}.RelWithDebInfo|Win32.Build.0 = RelWithDebInfo|Win32
		{E8E257D1-1F69-45B3-BCA3-0797695D1698}.Debug|Win32.ActiveCfg = Debug|Win32
		{E8E257D1-1F69-45B3-BCA3-0797695D1698}.Debug|Win32.Build.0 = Debug|Win32
		{E8E257D1-1F69-45B3-BCA3-0797695D1698}.Release|Win32.ActiveCfg = Release|Win32
		{E8E257D1-1F69-45B3-BCA3-0797695D1698}.Release|Win32.Build.0 = Release|Win32
		{E8E257D1-1F69-45B3-BCA3-0797695D1698}.MinSizeRel|Win32.ActiveCfg = MinSizeRel|Win32
		{E8E257D1-1F69-45B3-BCA3-0797695D1698}.MinSizeRel|Win32.Build.0 = MinSizeRel|Win32
		{E8E257D1-1F69-45B3-BCA3-0797695D1698}.RelWithDebInfo|Win32.ActiveCfg = RelWithDebInfo|Win32
		{E8E257D1-1F69-45B3-BCA3-0797695D1698}.RelWithDebInfo|Win32.Build.0 = RelWithDebInfo|Win32
		{29C5D54B-D966-4299-A809-D521F366E394}.Debug|Win32.ActiveCfg = Debug|Win32
		{29C5D54B-D966-4299-A809-D521F366E394}.Debug|Win32.Build.0 = Debug|Win32
		{29C5D54B-D966-4299-A809-D521F366E394}.Release|Win32.ActiveCfg = Release|Win32
		{29C5D54B-D966-4299-A809-D521F366E394}.Release|Win32.Build.0 = Release|Win32
		{29C5D54B-D966-4299-A809-D521F366E394}.MinSizeRel|Win32.ActiveCfg = MinSizeRel|Win32
		{29C5D54B-D966-4299-A809-D521F366E394}.MinSizeRel|Win32.Build.0 = MinSizeRel|Win32
		{29C5D54B-D966-4299-A809-D521F366E394}.RelWithDebInfo|Win32.ActiveCfg = RelWithDebInfo|Win32
		{29C5D54B-D966-4299-A809-D521F366E394}.RelWithDebInfo|Win32.Build.0 = RelWithDebInfo|Win32
		{1593EB9E-E09D-4CEB-96D8-ECA5A6F379F4}.Debug|Win32.ActiveCfg = Debug|Win32
		{1593EB9E-E09D-4CEB-96D8-ECA5A6F379F4}.Debug|Win32.Build.0 = Debug|Win32
		{1593EB9E-E09D-4CEB-96D8-ECA5A6F379F4}.Release|Win32.ActiveCfg = Release|Win32
		{1593EB9E-E09D-4CEB-96D8-ECA5A6F379F4}.Release|Win32.Build.0 = Release|Win32
		{1593EB9E-E09D-4CEB-96D8-ECA5A6F379F4}.MinSizeRel|Win32.ActiveCfg = MinSizeRel|Win32
		{1593EB9E-E09D-4CEB-96D8-ECA5A6F379F4}.MinSizeRel|Win32.Build.0 = MinSizeRel|Win32
		{1593EB9E-E09D-4CEB-96D8-ECA5A6F379F4}.RelWithDebInfo|Win32.ActiveCfg = RelWithDebInfo|Win32
		{1593EB9E-E09D-4CEB-96D8-ECA5A6F379F4}.RelWithDebInfo|Win32.Build.0 = RelWithDebInfo|Win32
		{F470E439-30D6-4256-8CDB-5A0A1974F8BE}.Debug|Win32.ActiveCfg = Debug|Win32
		{F470E439-30D6-4256-8CDB-5A0A1974F8BE}.Debug|Win32.Build.0 = Debug|Win32
		{F470E439-30D6-4256-8CDB-5A0A1974F8BE}.Release|Win32.ActiveCfg = Release|Win32
		{F470E439-30D6-4256-8CDB-5A0A1974F8BE}.Release|Win32.Build.0 = Release|Win32
		{F470E439-30D6-4256-8CDB-5A0A1974F8BE}.MinSizeRel|Win32.ActiveCfg = MinSizeRel|Win32
		{F470E439-30D6-4256-8CDB-5A0A1974F8BE}.MinSizeRel|Win32.Build.0 = MinSizeRel|Win32
		{F470E439-30D6-4256-8CDB-5A0A1974F8BE}.RelWithDebInfo|Win32.ActiveCfg = RelWithDebInfo|Win32
		{F470E439-30D6-4256-8CDB-5A0A1974F8BE}.RelWithDebInfo|Win32.Build.0 = RelWithDebInfo|Win32
		{60BBE3F1-B78C-4588-9C37-9A13EE02AAE4}.Debug|Win32.ActiveCfg = Debug|Win32
		{60BBE3F1-B78C-4588-9C37-9A13EE02AAE4}.Debug|Win32.Build.0 = Debug|Win32
		{60BBE3F1-B78C-4588-9C37-9A13EE02AAE4}.Release|Win32.ActiveCfg = Release|Win32
		{60BBE3F1-B78C-4588-9C37-9A13EE02AAE4}.Release|Win32.Build.0 = Release|Win32
		{60BBE3F1-B78C-4588-9C37-9A13EE02AAE4}.MinSizeRel|Win32.ActiveCfg = MinSizeRel|Win32
		{60BBE3F1-B78C-4588-9C37-9A13EE02AAE4}.MinSizeRel|Win32.Build.0 = MinSizeRel|Win32
		{60BBE3F1-B78C-4588-9C37-9A13EE02AAE4}.RelWithDebInfo|Win32.ActiveCfg = RelWithDebInfo|Win32
		{60BBE3F1-B78C-4588-9C37-9A13EE02AAE4}.RelWithDebInfo|Win32.Build.0 = RelWithDebInfo|Win32
		{E24ADA4E-148B-4363-92D0-A460A4B1CAA7}.Debug|Win32.ActiveCfg = Debug|Win32
		{E24ADA4E-148B-4363-92D0-A460A4B1CAA7}.Debug|Win32.Build.0 = Debug|Win32
		{E24ADA4E-148B-4363-92D0-A460A4B1CAA7}.Release|Win32.ActiveCfg = Release|Win32
		{E24ADA4E-148B-4363-92D0-A460A4B1CAA7}.Release|Win32.Build.0 = Release|Win32
		{E24ADA4E-148B-4363-92D0-A460A4B1CAA7}.MinSizeRel|Win32.ActiveCfg = MinSizeRel|Win32
		{E24ADA4E-148B-4363-92D0-A460A4B1CAA7}.MinSizeRel|Win32.Build.0 = MinSizeRel|Win32
		{E24ADA4E-148B-4363-92D0-A460A4B1CAA7}.RelWithDebInfo|Win32.ActiveCfg = RelWithDebInfo|Win32
		{E24ADA4E-148B-4363-92D0-A460A4B1CAA7}.RelWithDebInfo|Win32.Build.0 = RelWithDebInfo|Win32
		{94F2DAB2-5256-4816-B7FA-D503A0152EF8}.Debug|Win32.ActiveCfg = Debug|Win32
		{94F2DAB2-5256-4816-B7FA-D503A0152EF8}.Debug|Win32.Build.0 = Debug|Win32
		{94F2DAB2-5256-4816-B7FA-D503A0152EF8}.Release|Win32.ActiveCfg = Release|Win32
		{94F2DAB2-5256-4816-B7FA-D503A0152EF8}.Release|Win32.Build.0 = Release|Win32
		{94F2DAB2-5256-4816-B7FA-D503A0152EF8}.MinSizeRel|Win32.ActiveCfg = MinSizeRel|Win32
		{94F2DAB2-5256-4816-B7FA-D503A0152EF8}.MinSizeRel|Win32.Build.0 = MinSizeRel|Win32
		{94F2DAB2-5256-4816-B7FA-D503A0152EF8}.RelWithDebInfo|Win32.ActiveCfg = RelWithDebInfo|Win32
		{94F2DAB2-5256-4816-B7FA-D503A0152EF8}.RelWithDebInfo|Win32.Build.0 = RelWithDebInfo|Win32
		{D2C7FDA8-C265-4483-BAE2-706E6449E27A}.Debug|Win32.ActiveCfg = Debug|Win32
		{D2C7FDA8-C265-4483-BAE2-706E6449E27A}.Debug|Win32.Build.0 = Debug|Win32
		{D2C7FDA8-C265-4483-BAE2-706E6449E27A}.Release|Win32.ActiveCfg = Release|Win32
		{D2C7FDA8-C265-4483-BAE2-706E6449E27A}.Release|Win32.Build.0 = Release|Win32
		{D2C7FDA8-C265-4483-BAE2-706E6449E27A}.MinSizeRel|Win32.ActiveCfg = MinSizeRel|Win32
		{D2C7FDA8-C265-4483-BAE2-706E6449E27A}.MinSizeRel|Win32.Build.0 = MinSizeRel|Win32
		{D2C7FDA8-C265-4483-BAE2-706E6449E27A}.RelWithDebInfo|Win32.ActiveCfg = RelWithDebInfo|Win32
		{D2C7FDA8-C265-4483-BAE2-706E6449E27A}.RelWithDebInfo|Win32.Build.0 = RelWithDebInfo|Win32
		{AE65EB75-5463-461F-BD3E-919364DE503D}.Debug|Win32.ActiveCfg = Debug|Win32
		{AE65EB75-5463-461F-BD3E-919364DE503D}.Release|Win32.ActiveCfg = Release|Win32
		{AE65EB75-5463-461F-BD3E-919364DE503D}.MinSizeRel|Win32.ActiveCfg = MinSizeRel|Win32
		{AE65EB75-5463-461F-BD3E-919364DE503D}.RelWithDebInfo|Win32.ActiveCfg = RelWithDebInfo|Win32
		{EFE853CD-752D-480F-BE01-828F34EA3CF4}.Debug|Win32.ActiveCfg = Debug|Win32
		{EFE853CD-752D-480F-BE01-828F34EA3CF4}.Debug|Win32.Build.0 = Debug|Win32
		{EFE853CD-752D-480F-BE01-828F34EA3CF4}.Release|Win32.ActiveCfg = Release|Win32
		{EFE853CD-752D-480F-BE01-828F34EA3CF4}.Release|Win32.Build.0 = Release|Win32
		{EFE853CD-752D-480F-BE01-828F34EA3CF4}.MinSizeRel|Win32.ActiveCfg = MinSizeRel|Win32
		{EFE853CD-752D-480F-BE01-828F34EA3CF4}.MinSizeRel|Win32.Build.0 = MinSizeRel|Win32
		{EFE853CD-752D-480F-BE01-828F34EA3CF4}.RelWithDebInfo|Win32.ActiveCfg = RelWithDebInfo|Win32
		{EFE853CD-752D-480F-BE01-828F34EA3CF4}.RelWithDebInfo|Win32.Build.0 = RelWithDebInfo|Win32
		{A1E4F296-3477-44DB-B89D-B5B6CB45AEA2}.Debug|Win32.ActiveCfg = Debug|Win32
		{A1E4F296-3477-44DB-B89D-B5B6CB45AEA2}.Debug|Win32.Build.0 = Debug|Win32
		{A1E4F296-3477-44DB-B89D-B5B6CB45AEA2}.Release|Win32.ActiveCfg = Release|Win32
		{A1E4F296-3477-44DB-B89D-B5B6CB45AEA2}.Release|Win32.Build.0 = Release|Win32
		{A1E4F296-3477-44DB-B89D-B5B6CB45AEA2}.MinSizeRel|Win32.ActiveCfg = MinSizeRel|Win32
		{A1E4F296-3477-44DB-B89D-B5B6CB45AEA2}.MinSizeRel|Win32.Build.0 = MinSizeRel|Win32
		{A1E4F296-3477-44DB-B89D-B5B6CB45AEA2}.RelWithDebInfo|Win32.ActiveCfg = RelWithDebInfo|Win32
		{A1E4F296-3477-44DB-B89D-B5B6CB45AEA2}.RelWithDebInfo|Win32.Build.0 = RelWithDebInfo|Win32
	EndGlobalSection
	GlobalSection(NestedProjects) = preSolution
		{233A3433-0831-4D0A-9D23-C74DC11DF38D} = {DC5CD812-0239-4723-942C-55467E8B8C59}
		{5F808FD4-23E7-4158-9773-DE3C4201CEAA} = {DC5CD812-0239-4723-942C-55467E8B8C59}
		{BB2A5A59-F5BD-4331-8FED-20A6CDC2025C} = {18996A2D-8494-4A72-B0B0-673AE999E9BD}
		{995C5AAD-CD91-4679-B491-E5A122188643} = {18996A2D-8494-4A72-B0B0-673AE999E9BD}
		{30A6DEB7-C71F-4C81-BFCE-7E1DA2C15860} = {18996A2D-8494-4A72-B0B0-673AE999E9BD}
		{2FFCAABB-E8BA-4ADF-8DE7-FA4336979C33} = {BB2A5A59-F5BD-4331-8FED-20A6CDC2025C}
		{CA67E4FB-5B50-4CE1-B23F-51201FFF1B6A} = {BB2A5A59-F5BD-4331-8FED-20A6CDC2025C}
		{2C3D8BC5-659B-4123-9F41-2DA3405D13D0} = {BB2A5A59-F5BD-4331-8FED-20A6CDC2025C}
		{5F4FFC3C-3EF1-4040-BE36-847A5DC60618} = {BB2A5A59-F5BD-4331-8FED-20A6CDC2025C}
		{F470E439-30D6-4256-8CDB-5A0A1974F8BE} = {BB2A5A59-F5BD-4331-8FED-20A6CDC2025C}
		{60BBE3F1-B78C-4588-9C37-9A13EE02AAE4} = {BB2A5A59-F5BD-4331-8FED-20A6CDC2025C}
		{EFE853CD-752D-480F-BE01-828F34EA3CF4} = {BB2A5A59-F5BD-4331-8FED-20A6CDC2025C}
		{A617C265-E1E9-42C9-BC69-5F41A9105BE2} = {995C5AAD-CD91-4679-B491-E5A122188643}
		{5BD3E4FE-6B42-4AA8-A2BF-FF93C61F42B2} = {995C5AAD-CD91-4679-B491-E5A122188643}
		{38B5D1BD-FD50-4F3C-947E-044297FDB005} = {995C5AAD-CD91-4679-B491-E5A122188643}
		{91D5D35D-ABEF-42F9-AA74-204976569BC7} = {995C5AAD-CD91-4679-B491-E5A122188643}
		{884D3780-E13B-4945-AEAC-611C7306B9EC} = {995C5AAD-CD91-4679-B491-E5A122188643}
		{B509BE57-E80A-430B-8EDD-1EAC80BBEC22} = {995C5AAD-CD91-4679-B491-E5A122188643}
		{26D6B4B6-2319-41D5-AF08-C1708D1EAFC4} = {995C5AAD-CD91-4679-B491-E5A122188643}
		{A889B043-9DD8-4C5A-840C-61E1450EBAE8} = {995C5AAD-CD91-4679-B491-E5A122188643}
		{6CF5A305-6A00-40BE-9352-DE12F8729C0F} = {995C5AAD-CD91-4679-B491-E5A122188643}
		{75F9336A-94F5-41AF-AB86-2C71C2F0ED40} = {995C5AAD-CD91-4679-B491-E5A122188643}
		{3BADD503-4273-446E-BA57-1C2F318619FE} = {995C5AAD-CD91-4679-B491-E5A122188643}
		{C5226CC2-1278-4CF4-8A3C-1F5DC5EB251F} = {995C5AAD-CD91-4679-B491-E5A122188643}
		{F17E7E6D-281F-4F78-B7AC-A942A7A1CD0D} = {995C5AAD-CD91-4679-B491-E5A122188643}
		{E8E257D1-1F69-45B3-BCA3-0797695D1698} = {995C5AAD-CD91-4679-B491-E5A122188643}
		{29C5D54B-D966-4299-A809-D521F366E394} = {995C5AAD-CD91-4679-B491-E5A122188643}
		{1593EB9E-E09D-4CEB-96D8-ECA5A6F379F4} = {995C5AAD-CD91-4679-B491-E5A122188643}
		{E24ADA4E-148B-4363-92D0-A460A4B1CAA7} = {995C5AAD-CD91-4679-B491-E5A122188643}
		{94F2DAB2-5256-4816-B7FA-D503A0152EF8} = {995C5AAD-CD91-4679-B491-E5A122188643}
		{D2C7FDA8-C265-4483-BAE2-706E6449E27A} = {995C5AAD-CD91-4679-B491-E5A122188643}
		{A1E4F296-3477-44DB-B89D-B5B6CB45AEA2} = {995C5AAD-CD91-4679-B491-E5A122188643}
	EndGlobalSection
	GlobalSection(ExtensibilityGlobals) = postSolution
	EndGlobalSection
	GlobalSection(ExtensibilityAddIns) = postSolution
	EndGlobalSection
EndGlobal
