
Microsoft Visual Studio Solution File, Format Version 12.00
# Visual Studio 14
VisualStudioVersion = 14.0.23107.0
MinimumVisualStudioVersion = 10.0.40219.1
Project("{8BC9CEB8-8B4A-11D0-8D11-00A0C91BC942}") = "Components", "Components\Components.vcxproj", "{2904B562-0A2B-4932-9FFD-8C06DCB6FC70}"
	ProjectSection(ProjectDependencies) = postProject
		{156EFE89-1A75-4F8E-9FEF-3441E7BD9E5B} = {156EFE89-1A75-4F8E-9FEF-3441E7BD9E5B}
	EndProjectSection
EndProject
Project("{8BC9CEB8-8B4A-11D0-8D11-00A0C91BC942}") = "RenderSystem", "RenderSystem\RenderSystem.vcxproj", "{156EFE89-1A75-4F8E-9FEF-3441E7BD9E5B}"
	ProjectSection(ProjectDependencies) = postProject
		{A1F24532-3E64-4F34-A3CC-D3FA2A45F208} = {A1F24532-3E64-4F34-A3CC-D3FA2A45F208}
	EndProjectSection
EndProject
Project("{8BC9CEB8-8B4A-11D0-8D11-00A0C91BC942}") = "Core", "Core\Core.vcxproj", "{A1F24532-3E64-4F34-A3CC-D3FA2A45F208}"
EndProject
Project("{8BC9CEB8-8B4A-11D0-8D11-00A0C91BC942}") = "OpenGL Engine", "..\..\..\Documents\Visual Studio 2015\Projects\OpenGL Engine\OpenGL Engine\OpenGL Engine.vcxproj", "{B9F26D51-9AFF-4485-90F9-94762783B164}"
EndProject
Global
	GlobalSection(SolutionConfigurationPlatforms) = preSolution
		Debug|x64 = Debug|x64
		Debug|x86 = Debug|x86
		Release|x64 = Release|x64
		Release|x86 = Release|x86
	EndGlobalSection
	GlobalSection(ProjectConfigurationPlatforms) = postSolution
		{2904B562-0A2B-4932-9FFD-8C06DCB6FC70}.Debug|x64.ActiveCfg = Debug|x64
		{2904B562-0A2B-4932-9FFD-8C06DCB6FC70}.Debug|x64.Build.0 = Debug|x64
		{2904B562-0A2B-4932-9FFD-8C06DCB6FC70}.Debug|x86.ActiveCfg = Debug|Win32
		{2904B562-0A2B-4932-9FFD-8C06DCB6FC70}.Debug|x86.Build.0 = Debug|Win32
		{2904B562-0A2B-4932-9FFD-8C06DCB6FC70}.Release|x64.ActiveCfg = Release|x64
		{2904B562-0A2B-4932-9FFD-8C06DCB6FC70}.Release|x64.Build.0 = Release|x64
		{2904B562-0A2B-4932-9FFD-8C06DCB6FC70}.Release|x86.ActiveCfg = Release|Win32
		{2904B562-0A2B-4932-9FFD-8C06DCB6FC70}.Release|x86.Build.0 = Release|Win32
		{156EFE89-1A75-4F8E-9FEF-3441E7BD9E5B}.Debug|x64.ActiveCfg = Debug|x64
		{156EFE89-1A75-4F8E-9FEF-3441E7BD9E5B}.Debug|x64.Build.0 = Debug|x64
		{156EFE89-1A75-4F8E-9FEF-3441E7BD9E5B}.Debug|x86.ActiveCfg = Debug|Win32
		{156EFE89-1A75-4F8E-9FEF-3441E7BD9E5B}.Debug|x86.Build.0 = Debug|Win32
		{156EFE89-1A75-4F8E-9FEF-3441E7BD9E5B}.Release|x64.ActiveCfg = Release|x64
		{156EFE89-1A75-4F8E-9FEF-3441E7BD9E5B}.Release|x64.Build.0 = Release|x64
		{156EFE89-1A75-4F8E-9FEF-3441E7BD9E5B}.Release|x86.ActiveCfg = Release|Win32
		{156EFE89-1A75-4F8E-9FEF-3441E7BD9E5B}.Release|x86.Build.0 = Release|Win32
		{A1F24532-3E64-4F34-A3CC-D3FA2A45F208}.Debug|x64.ActiveCfg = Debug|x64
		{A1F24532-3E64-4F34-A3CC-D3FA2A45F208}.Debug|x64.Build.0 = Debug|x64
		{A1F24532-3E64-4F34-A3CC-D3FA2A45F208}.Debug|x86.ActiveCfg = Debug|Win32
		{A1F24532-3E64-4F34-A3CC-D3FA2A45F208}.Debug|x86.Build.0 = Debug|Win32
		{A1F24532-3E64-4F34-A3CC-D3FA2A45F208}.Release|x64.ActiveCfg = Release|x64
		{A1F24532-3E64-4F34-A3CC-D3FA2A45F208}.Release|x64.Build.0 = Release|x64
		{A1F24532-3E64-4F34-A3CC-D3FA2A45F208}.Release|x86.ActiveCfg = Release|Win32
		{A1F24532-3E64-4F34-A3CC-D3FA2A45F208}.Release|x86.Build.0 = Release|Win32
		{B9F26D51-9AFF-4485-90F9-94762783B164}.Debug|x64.ActiveCfg = Debug|x64
		{B9F26D51-9AFF-4485-90F9-94762783B164}.Debug|x64.Build.0 = Debug|x64
		{B9F26D51-9AFF-4485-90F9-94762783B164}.Debug|x86.ActiveCfg = Debug|Win32
		{B9F26D51-9AFF-4485-90F9-94762783B164}.Debug|x86.Build.0 = Debug|Win32
		{B9F26D51-9AFF-4485-90F9-94762783B164}.Release|x64.ActiveCfg = Release|x64
		{B9F26D51-9AFF-4485-90F9-94762783B164}.Release|x64.Build.0 = Release|x64
		{B9F26D51-9AFF-4485-90F9-94762783B164}.Release|x86.ActiveCfg = Release|Win32
		{B9F26D51-9AFF-4485-90F9-94762783B164}.Release|x86.Build.0 = Release|Win32
	EndGlobalSection
	GlobalSection(SolutionProperties) = preSolution
		HideSolutionNode = FALSE
	EndGlobalSection
EndGlobal
