
Microsoft Visual Studio Solution File, Format Version 12.00
# Visual Studio 15
VisualStudioVersion = 15.0.26730.16
MinimumVisualStudioVersion = 10.0.40219.1
Project("{8BC9CEB8-8B4A-11D0-8D11-00A0C91BC942}") = "Components", "Components\Components.vcxproj", "{8AE3A2D3-097B-4FAF-A8C6-24BF15EE0D0A}"
	ProjectSection(ProjectDependencies) = postProject
		{AE13EE45-4E99-402C-8C88-D2AEC5E5CC6A} = {AE13EE45-4E99-402C-8C88-D2AEC5E5CC6A}
		{D6052B9D-316E-465C-B978-E8B7236B5E78} = {D6052B9D-316E-465C-B978-E8B7236B5E78}
		{9B595EE3-4EEA-4CBB-A7E7-8AC09A9231BA} = {9B595EE3-4EEA-4CBB-A7E7-8AC09A9231BA}
	EndProjectSection
EndProject
Project("{8BC9CEB8-8B4A-11D0-8D11-00A0C91BC942}") = "PlayerController", "PlayerController\PlayerController.vcxproj", "{AE13EE45-4E99-402C-8C88-D2AEC5E5CC6A}"
	ProjectSection(ProjectDependencies) = postProject
		{C00779D3-646C-458F-9462-3D6A0538DCD7} = {C00779D3-646C-458F-9462-3D6A0538DCD7}
	EndProjectSection
EndProject
Project("{8BC9CEB8-8B4A-11D0-8D11-00A0C91BC942}") = "RenderSystem", "RenderSystem\RenderSystem.vcxproj", "{D6052B9D-316E-465C-B978-E8B7236B5E78}"
	ProjectSection(ProjectDependencies) = postProject
		{C00779D3-646C-458F-9462-3D6A0538DCD7} = {C00779D3-646C-458F-9462-3D6A0538DCD7}
	EndProjectSection
EndProject
Project("{8BC9CEB8-8B4A-11D0-8D11-00A0C91BC942}") = "WindowContext", "WindowContext\WindowContext.vcxproj", "{9B595EE3-4EEA-4CBB-A7E7-8AC09A9231BA}"
	ProjectSection(ProjectDependencies) = postProject
		{C00779D3-646C-458F-9462-3D6A0538DCD7} = {C00779D3-646C-458F-9462-3D6A0538DCD7}
	EndProjectSection
EndProject
Project("{8BC9CEB8-8B4A-11D0-8D11-00A0C91BC942}") = "Core", "Core\Core.vcxproj", "{C00779D3-646C-458F-9462-3D6A0538DCD7}"
EndProject
Global
	GlobalSection(SolutionConfigurationPlatforms) = preSolution
		Debug|x64 = Debug|x64
		Debug|x86 = Debug|x86
		Release|x64 = Release|x64
		Release|x86 = Release|x86
	EndGlobalSection
	GlobalSection(ProjectConfigurationPlatforms) = postSolution
		{8AE3A2D3-097B-4FAF-A8C6-24BF15EE0D0A}.Debug|x64.ActiveCfg = Debug|x64
		{8AE3A2D3-097B-4FAF-A8C6-24BF15EE0D0A}.Debug|x64.Build.0 = Debug|x64
		{8AE3A2D3-097B-4FAF-A8C6-24BF15EE0D0A}.Debug|x86.ActiveCfg = Debug|Win32
		{8AE3A2D3-097B-4FAF-A8C6-24BF15EE0D0A}.Debug|x86.Build.0 = Debug|Win32
		{8AE3A2D3-097B-4FAF-A8C6-24BF15EE0D0A}.Release|x64.ActiveCfg = Release|x64
		{8AE3A2D3-097B-4FAF-A8C6-24BF15EE0D0A}.Release|x64.Build.0 = Release|x64
		{8AE3A2D3-097B-4FAF-A8C6-24BF15EE0D0A}.Release|x86.ActiveCfg = Release|Win32
		{8AE3A2D3-097B-4FAF-A8C6-24BF15EE0D0A}.Release|x86.Build.0 = Release|Win32
		{AE13EE45-4E99-402C-8C88-D2AEC5E5CC6A}.Debug|x64.ActiveCfg = Debug|x64
		{AE13EE45-4E99-402C-8C88-D2AEC5E5CC6A}.Debug|x64.Build.0 = Debug|x64
		{AE13EE45-4E99-402C-8C88-D2AEC5E5CC6A}.Debug|x86.ActiveCfg = Debug|Win32
		{AE13EE45-4E99-402C-8C88-D2AEC5E5CC6A}.Debug|x86.Build.0 = Debug|Win32
		{AE13EE45-4E99-402C-8C88-D2AEC5E5CC6A}.Release|x64.ActiveCfg = Release|x64
		{AE13EE45-4E99-402C-8C88-D2AEC5E5CC6A}.Release|x64.Build.0 = Release|x64
		{AE13EE45-4E99-402C-8C88-D2AEC5E5CC6A}.Release|x86.ActiveCfg = Release|Win32
		{AE13EE45-4E99-402C-8C88-D2AEC5E5CC6A}.Release|x86.Build.0 = Release|Win32
		{D6052B9D-316E-465C-B978-E8B7236B5E78}.Debug|x64.ActiveCfg = Debug|x64
		{D6052B9D-316E-465C-B978-E8B7236B5E78}.Debug|x64.Build.0 = Debug|x64
		{D6052B9D-316E-465C-B978-E8B7236B5E78}.Debug|x86.ActiveCfg = Debug|Win32
		{D6052B9D-316E-465C-B978-E8B7236B5E78}.Debug|x86.Build.0 = Debug|Win32
		{D6052B9D-316E-465C-B978-E8B7236B5E78}.Release|x64.ActiveCfg = Release|x64
		{D6052B9D-316E-465C-B978-E8B7236B5E78}.Release|x64.Build.0 = Release|x64
		{D6052B9D-316E-465C-B978-E8B7236B5E78}.Release|x86.ActiveCfg = Release|Win32
		{D6052B9D-316E-465C-B978-E8B7236B5E78}.Release|x86.Build.0 = Release|Win32
		{9B595EE3-4EEA-4CBB-A7E7-8AC09A9231BA}.Debug|x64.ActiveCfg = Debug|x64
		{9B595EE3-4EEA-4CBB-A7E7-8AC09A9231BA}.Debug|x64.Build.0 = Debug|x64
		{9B595EE3-4EEA-4CBB-A7E7-8AC09A9231BA}.Debug|x86.ActiveCfg = Debug|Win32
		{9B595EE3-4EEA-4CBB-A7E7-8AC09A9231BA}.Debug|x86.Build.0 = Debug|Win32
		{9B595EE3-4EEA-4CBB-A7E7-8AC09A9231BA}.Release|x64.ActiveCfg = Release|x64
		{9B595EE3-4EEA-4CBB-A7E7-8AC09A9231BA}.Release|x64.Build.0 = Release|x64
		{9B595EE3-4EEA-4CBB-A7E7-8AC09A9231BA}.Release|x86.ActiveCfg = Release|Win32
		{9B595EE3-4EEA-4CBB-A7E7-8AC09A9231BA}.Release|x86.Build.0 = Release|Win32
		{C00779D3-646C-458F-9462-3D6A0538DCD7}.Debug|x64.ActiveCfg = Debug|x64
		{C00779D3-646C-458F-9462-3D6A0538DCD7}.Debug|x64.Build.0 = Debug|x64
		{C00779D3-646C-458F-9462-3D6A0538DCD7}.Debug|x86.ActiveCfg = Debug|Win32
		{C00779D3-646C-458F-9462-3D6A0538DCD7}.Debug|x86.Build.0 = Debug|Win32
		{C00779D3-646C-458F-9462-3D6A0538DCD7}.Release|x64.ActiveCfg = Release|x64
		{C00779D3-646C-458F-9462-3D6A0538DCD7}.Release|x64.Build.0 = Release|x64
		{C00779D3-646C-458F-9462-3D6A0538DCD7}.Release|x86.ActiveCfg = Release|Win32
		{C00779D3-646C-458F-9462-3D6A0538DCD7}.Release|x86.Build.0 = Release|Win32
	EndGlobalSection
	GlobalSection(SolutionProperties) = preSolution
		HideSolutionNode = FALSE
	EndGlobalSection
	GlobalSection(ExtensibilityGlobals) = postSolution
		SolutionGuid = {BCA3054F-9510-4E38-B648-A8FF94051CF1}
	EndGlobalSection
EndGlobal
