Microsoft Visual Studio Solution File, Format Version 12.00
# Visual Studio 14
Project("{8BC9CEB8-8B4A-11D0-8D11-00A0C91BC942}") = "ALL_BUILD", "ALL_BUILD.vcxproj", "{43B29D22-FC31-40D7-B11C-588DE5CEDF34}"
	ProjectSection(ProjectDependencies) = postProject
		{BF328DCF-66BF-43A4-8DF9-6D93DB56A5A5} = {BF328DCF-66BF-43A4-8DF9-6D93DB56A5A5}
	EndProjectSection
EndProject
Project("{8BC9CEB8-8B4A-11D0-8D11-00A0C91BC942}") = "INSTALL", "INSTALL.vcxproj", "{5C2641C8-4CB6-4132-8792-74B59ADA4DDD}"
	ProjectSection(ProjectDependencies) = postProject
		{43B29D22-FC31-40D7-B11C-588DE5CEDF34} = {43B29D22-FC31-40D7-B11C-588DE5CEDF34}
	EndProjectSection
EndProject
Project("{8BC9CEB8-8B4A-11D0-8D11-00A0C91BC942}") = "RUN_TESTS", "RUN_TESTS.vcxproj", "{7DCEFCD2-9BF3-46EE-B66D-68A0B8F8554F}"
	ProjectSection(ProjectDependencies) = postProject
	EndProjectSection
EndProject
Project("{8BC9CEB8-8B4A-11D0-8D11-00A0C91BC942}") = "ZERO_CHECK", "ZERO_CHECK.vcxproj", "{BF328DCF-66BF-43A4-8DF9-6D93DB56A5A5}"
	ProjectSection(ProjectDependencies) = postProject
	EndProjectSection
EndProject
Global
	GlobalSection(SolutionConfigurationPlatforms) = preSolution
		Debug|Win32 = Debug|Win32
		Release|Win32 = Release|Win32
		MinSizeRel|Win32 = MinSizeRel|Win32
		RelWithDebInfo|Win32 = RelWithDebInfo|Win32
	EndGlobalSection
	GlobalSection(ProjectConfigurationPlatforms) = postSolution
		{43B29D22-FC31-40D7-B11C-588DE5CEDF34}.Debug|Win32.ActiveCfg = Debug|Win32
		{43B29D22-FC31-40D7-B11C-588DE5CEDF34}.Debug|Win32.Build.0 = Debug|Win32
		{43B29D22-FC31-40D7-B11C-588DE5CEDF34}.Release|Win32.ActiveCfg = Release|Win32
		{43B29D22-FC31-40D7-B11C-588DE5CEDF34}.Release|Win32.Build.0 = Release|Win32
		{43B29D22-FC31-40D7-B11C-588DE5CEDF34}.MinSizeRel|Win32.ActiveCfg = MinSizeRel|Win32
		{43B29D22-FC31-40D7-B11C-588DE5CEDF34}.MinSizeRel|Win32.Build.0 = MinSizeRel|Win32
		{43B29D22-FC31-40D7-B11C-588DE5CEDF34}.RelWithDebInfo|Win32.ActiveCfg = RelWithDebInfo|Win32
		{43B29D22-FC31-40D7-B11C-588DE5CEDF34}.RelWithDebInfo|Win32.Build.0 = RelWithDebInfo|Win32
		{5C2641C8-4CB6-4132-8792-74B59ADA4DDD}.Debug|Win32.ActiveCfg = Debug|Win32
		{5C2641C8-4CB6-4132-8792-74B59ADA4DDD}.Release|Win32.ActiveCfg = Release|Win32
		{5C2641C8-4CB6-4132-8792-74B59ADA4DDD}.MinSizeRel|Win32.ActiveCfg = MinSizeRel|Win32
		{5C2641C8-4CB6-4132-8792-74B59ADA4DDD}.RelWithDebInfo|Win32.ActiveCfg = RelWithDebInfo|Win32
		{7DCEFCD2-9BF3-46EE-B66D-68A0B8F8554F}.Debug|Win32.ActiveCfg = Debug|Win32
		{7DCEFCD2-9BF3-46EE-B66D-68A0B8F8554F}.Release|Win32.ActiveCfg = Release|Win32
		{7DCEFCD2-9BF3-46EE-B66D-68A0B8F8554F}.MinSizeRel|Win32.ActiveCfg = MinSizeRel|Win32
		{7DCEFCD2-9BF3-46EE-B66D-68A0B8F8554F}.RelWithDebInfo|Win32.ActiveCfg = RelWithDebInfo|Win32
		{BF328DCF-66BF-43A4-8DF9-6D93DB56A5A5}.Debug|Win32.ActiveCfg = Debug|Win32
		{BF328DCF-66BF-43A4-8DF9-6D93DB56A5A5}.Debug|Win32.Build.0 = Debug|Win32
		{BF328DCF-66BF-43A4-8DF9-6D93DB56A5A5}.Release|Win32.ActiveCfg = Release|Win32
		{BF328DCF-66BF-43A4-8DF9-6D93DB56A5A5}.Release|Win32.Build.0 = Release|Win32
		{BF328DCF-66BF-43A4-8DF9-6D93DB56A5A5}.MinSizeRel|Win32.ActiveCfg = MinSizeRel|Win32
		{BF328DCF-66BF-43A4-8DF9-6D93DB56A5A5}.MinSizeRel|Win32.Build.0 = MinSizeRel|Win32
		{BF328DCF-66BF-43A4-8DF9-6D93DB56A5A5}.RelWithDebInfo|Win32.ActiveCfg = RelWithDebInfo|Win32
		{BF328DCF-66BF-43A4-8DF9-6D93DB56A5A5}.RelWithDebInfo|Win32.Build.0 = RelWithDebInfo|Win32
	EndGlobalSection
	GlobalSection(ExtensibilityGlobals) = postSolution
	EndGlobalSection
	GlobalSection(ExtensibilityAddIns) = postSolution
	EndGlobalSection
EndGlobal
