<?xml version="1.0" encoding="UTF-8"?>
<Project ToolsVersion="14.0" xmlns="http://schemas.microsoft.com/developer/msbuild/2003">
  <ItemGroup>
    <ClCompile Include="C:\Users\aepp8_000\Source\Repos\Game-Engine\Lib\glfw-3.1.1\examples\boing.c">
      <Filter>Source Files</Filter>
    </ClCompile>
  </ItemGroup>
  <ItemGroup>
    <CustomBuild Include="C:\Users\aepp8_000\Source\Repos\Game-Engine\Lib\glfw-3.1.1\examples\CMakeLists.txt" />
  </ItemGroup>
  <ItemGroup>
    <Filter Include="Source Files">
      <UniqueIdentifier>{2DAF3163-C3F3-4AE8-8EBA-0382D75BCF4B}</UniqueIdentifier>
    </Filter>
  </ItemGroup>
</Project>
