<?xml version="1.0" encoding="UTF-8"?>
<Project ToolsVersion="14.0" xmlns="http://schemas.microsoft.com/developer/msbuild/2003">
  <ItemGroup>
    <CustomBuild Include="C:\Users\aepp8_000\Source\Repos\Game-Engine\Lib\glm-master\CMakeFiles\e9f8a5f4326c2a7f7229a21f0c5e98ec\INSTALL_force.rule">
      <Filter>CMake Rules</Filter>
    </CustomBuild>
  </ItemGroup>
  <ItemGroup>
    <Filter Include="CMake Rules">
      <UniqueIdentifier>{5884F740-F333-4B36-B2E9-AF2C2241770D}</UniqueIdentifier>
    </Filter>
  </ItemGroup>
</Project>
