<?xml version="1.0" encoding="UTF-8"?>
<Project ToolsVersion="14.0" xmlns="http://schemas.microsoft.com/developer/msbuild/2003">
  <ItemGroup>
    <ClCompile Include="C:\Users\aepp8_000\Source\Repos\Game-Engine\Lib\glfw-3.1.1\tests\monitors.c">
      <Filter>Source Files</Filter>
    </ClCompile>
    <ClCompile Include="C:\Users\aepp8_000\Source\Repos\Game-Engine\Lib\glfw-3.1.1\deps\getopt.c">
      <Filter>Source Files</Filter>
    </ClCompile>
  </ItemGroup>
  <ItemGroup>
    <ClInclude Include="C:\Users\aepp8_000\Source\Repos\Game-Engine\Lib\glfw-3.1.1\deps\getopt.h">
      <Filter>Header Files</Filter>
    </ClInclude>
  </ItemGroup>
  <ItemGroup>
    <CustomBuild Include="C:\Users\aepp8_000\Source\Repos\Game-Engine\Lib\glfw-3.1.1\tests\CMakeLists.txt" />
  </ItemGroup>
  <ItemGroup>
    <Filter Include="Source Files">
      <UniqueIdentifier>{2DAF3163-C3F3-4AE8-8EBA-0382D75BCF4B}</UniqueIdentifier>
    </Filter>
    <Filter Include="Header Files">
      <UniqueIdentifier>{D2A72ABB-C4E8-49B6-BC25-069844690B2C}</UniqueIdentifier>
    </Filter>
  </ItemGroup>
</Project>
